
Microsoft Visual Studio Solution File, Format Version 12.00
# Visual Studio Version 16
VisualStudioVersion = 16.0.30114.105
MinimumVisualStudioVersion = 10.0.40219.1
Project("{2150E333-8FDC-42A3-9474-1A3956D46DE8}") = "src", "src", "{B524E27A-3324-4588-A7C6-69506B948F09}"
EndProject
Project("{FAE04EC0-301F-11D3-BF4B-00C04F79EFBC}") = "IdentityServer", "src\IdentityServer\IdentityServer.csproj", "{D12E233D-FEFF-4B42-9055-53F9AD0D397A}"
EndProject
Project("{FAE04EC0-301F-11D3-BF4B-00C04F79EFBC}") = "Api", "src\Api\Api.csproj", "{3ABF3E3E-AAA6-4F9F-B47F-2151F6A22750}"
EndProject
Project("{FAE04EC0-301F-11D3-BF4B-00C04F79EFBC}") = "Client", "src\Client\Client.csproj", "{3CB3DD1D-0916-440A-9A1C-48CE92008886}"
EndProject
Global
	GlobalSection(SolutionConfigurationPlatforms) = preSolution
		Debug|Any CPU = Debug|Any CPU
		Release|Any CPU = Release|Any CPU
	EndGlobalSection
	GlobalSection(SolutionProperties) = preSolution
		HideSolutionNode = FALSE
	EndGlobalSection
	GlobalSection(ProjectConfigurationPlatforms) = postSolution
		{D12E233D-FEFF-4B42-9055-53F9AD0D397A}.Debug|Any CPU.ActiveCfg = Debug|Any CPU
		{D12E233D-FEFF-4B42-9055-53F9AD0D397A}.Debug|Any CPU.Build.0 = Debug|Any CPU
		{D12E233D-FEFF-4B42-9055-53F9AD0D397A}.Release|Any CPU.ActiveCfg = Release|Any CPU
		{D12E233D-FEFF-4B42-9055-53F9AD0D397A}.Release|Any CPU.Build.0 = Release|Any CPU
		{3ABF3E3E-AAA6-4F9F-B47F-2151F6A22750}.Debug|Any CPU.ActiveCfg = Debug|Any CPU
		{3ABF3E3E-AAA6-4F9F-B47F-2151F6A22750}.Debug|Any CPU.Build.0 = Debug|Any CPU
		{3ABF3E3E-AAA6-4F9F-B47F-2151F6A22750}.Release|Any CPU.ActiveCfg = Release|Any CPU
		{3ABF3E3E-AAA6-4F9F-B47F-2151F6A22750}.Release|Any CPU.Build.0 = Release|Any CPU
		{3CB3DD1D-0916-440A-9A1C-48CE92008886}.Debug|Any CPU.ActiveCfg = Debug|Any CPU
		{3CB3DD1D-0916-440A-9A1C-48CE92008886}.Debug|Any CPU.Build.0 = Debug|Any CPU
		{3CB3DD1D-0916-440A-9A1C-48CE92008886}.Release|Any CPU.ActiveCfg = Release|Any CPU
		{3CB3DD1D-0916-440A-9A1C-48CE92008886}.Release|Any CPU.Build.0 = Release|Any CPU
	EndGlobalSection
	GlobalSection(NestedProjects) = preSolution
		{D12E233D-FEFF-4B42-9055-53F9AD0D397A} = {B524E27A-3324-4588-A7C6-69506B948F09}
		{3ABF3E3E-AAA6-4F9F-B47F-2151F6A22750} = {B524E27A-3324-4588-A7C6-69506B948F09}
		{3CB3DD1D-0916-440A-9A1C-48CE92008886} = {B524E27A-3324-4588-A7C6-69506B948F09}
	EndGlobalSection
EndGlobal
